// !$*UTF8*$!
{
	archiveVersion = 1;
	classes = {
	};
	objectVersion = 46;
	objects = {

/* Begin PBXBuildFile section */
		171B64741ECEF1D80071325E /* AppDelegate.swift in Sources */ = {isa = PBXBuildFile; fileRef = 171B64731ECEF1D80071325E /* AppDelegate.swift */; };
		171B64761ECEF1D80071325E /* ViewController.swift in Sources */ = {isa = PBXBuildFile; fileRef = 171B64751ECEF1D80071325E /* ViewController.swift */; };
		171B64791ECEF1D80071325E /* Main.storyboard in Resources */ = {isa = PBXBuildFile; fileRef = 171B64771ECEF1D80071325E /* Main.storyboard */; };
		171B647B1ECEF1D80071325E /* Assets.xcassets in Resources */ = {isa = PBXBuildFile; fileRef = 171B647A1ECEF1D80071325E /* Assets.xcassets */; };
		171B647E1ECEF1D80071325E /* LaunchScreen.storyboard in Resources */ = {isa = PBXBuildFile; fileRef = 171B647C1ECEF1D80071325E /* LaunchScreen.storyboard */; };
		171B64891ECF422D0071325E /* ColorNet.swift in Sources */ = {isa = PBXBuildFile; fileRef = 171B64881ECF422D0071325E /* ColorNet.swift */; };
		171B648D1ECF69920071325E /* UpscaleAdd.swift in Sources */ = {isa = PBXBuildFile; fileRef = 171B648C1ECF69920071325E /* UpscaleAdd.swift */; };
		171B648F1ECFEB030071325E /* Convolution.swift in Sources */ = {isa = PBXBuildFile; fileRef = 171B648E1ECFEB030071325E /* Convolution.swift */; };
		171B64911ECFEBBE0071325E /* BatchNorm.swift in Sources */ = {isa = PBXBuildFile; fileRef = 171B64901ECFEBBE0071325E /* BatchNorm.swift */; };
		171B64931ECFF01B0071325E /* Shaders.metal in Sources */ = {isa = PBXBuildFile; fileRef = 171B64921ECFF01B0071325E /* Shaders.metal */; };
		171B64951ECFF2EB0071325E /* IO.swift in Sources */ = {isa = PBXBuildFile; fileRef = 171B64941ECFF2EB0071325E /* IO.swift */; };
		171B64DF1ED1831E0071325E /* color0_biases in Resources */ = {isa = PBXBuildFile; fileRef = 171B64971ED1831E0071325E /* color0_biases */; };
		171B64E01ED1831E0071325E /* color0_color0_bn_beta in Resources */ = {isa = PBXBuildFile; fileRef = 171B64981ED1831E0071325E /* color0_color0_bn_beta */; };
		171B64E11ED1831E0071325E /* color0_color0_bn_gamma in Resources */ = {isa = PBXBuildFile; fileRef = 171B64991ED1831E0071325E /* color0_color0_bn_gamma */; };
		171B64E21ED1831E0071325E /* color0_color0_bn_mean in Resources */ = {isa = PBXBuildFile; fileRef = 171B649A1ED1831E0071325E /* color0_color0_bn_mean */; };
		171B64E31ED1831E0071325E /* color0_color0_bn_variance in Resources */ = {isa = PBXBuildFile; fileRef = 171B649B1ED1831E0071325E /* color0_color0_bn_variance */; };
		171B64E41ED1831E0071325E /* color0_filter in Resources */ = {isa = PBXBuildFile; fileRef = 171B649C1ED1831E0071325E /* color0_filter */; };
		171B64E51ED1831E0071325E /* color1_biases in Resources */ = {isa = PBXBuildFile; fileRef = 171B649D1ED1831E0071325E /* color1_biases */; };
		171B64E61ED1831E0071325E /* color1_color1_bn_beta in Resources */ = {isa = PBXBuildFile; fileRef = 171B649E1ED1831E0071325E /* color1_color1_bn_beta */; };
		171B64E71ED1831E0071325E /* color1_color1_bn_gamma in Resources */ = {isa = PBXBuildFile; fileRef = 171B649F1ED1831E0071325E /* color1_color1_bn_gamma */; };
		171B64E81ED1831E0071325E /* color1_color1_bn_mean in Resources */ = {isa = PBXBuildFile; fileRef = 171B64A01ED1831E0071325E /* color1_color1_bn_mean */; };
		171B64E91ED1831E0071325E /* color1_color1_bn_variance in Resources */ = {isa = PBXBuildFile; fileRef = 171B64A11ED1831E0071325E /* color1_color1_bn_variance */; };
		171B64EA1ED1831E0071325E /* color1_filter in Resources */ = {isa = PBXBuildFile; fileRef = 171B64A21ED1831E0071325E /* color1_filter */; };
		171B64EB1ED1831E0071325E /* color2_biases in Resources */ = {isa = PBXBuildFile; fileRef = 171B64A31ED1831E0071325E /* color2_biases */; };
		171B64EC1ED1831E0071325E /* color2_color2_bn_beta in Resources */ = {isa = PBXBuildFile; fileRef = 171B64A41ED1831E0071325E /* color2_color2_bn_beta */; };
		171B64ED1ED1831E0071325E /* color2_color2_bn_gamma in Resources */ = {isa = PBXBuildFile; fileRef = 171B64A51ED1831E0071325E /* color2_color2_bn_gamma */; };
		171B64EE1ED1831E0071325E /* color2_color2_bn_mean in Resources */ = {isa = PBXBuildFile; fileRef = 171B64A61ED1831E0071325E /* color2_color2_bn_mean */; };
		171B64EF1ED1831E0071325E /* color2_color2_bn_variance in Resources */ = {isa = PBXBuildFile; fileRef = 171B64A71ED1831E0071325E /* color2_color2_bn_variance */; };
		171B64F01ED1831E0071325E /* color2_filter in Resources */ = {isa = PBXBuildFile; fileRef = 171B64A81ED1831E0071325E /* color2_filter */; };
		171B64F11ED1831E0071325E /* color3_biases in Resources */ = {isa = PBXBuildFile; fileRef = 171B64A91ED1831E0071325E /* color3_biases */; };
		171B64F21ED1831E0071325E /* color3_color3_bn_beta in Resources */ = {isa = PBXBuildFile; fileRef = 171B64AA1ED1831E0071325E /* color3_color3_bn_beta */; };
		171B64F31ED1831E0071325E /* color3_color3_bn_gamma in Resources */ = {isa = PBXBuildFile; fileRef = 171B64AB1ED1831E0071325E /* color3_color3_bn_gamma */; };
		171B64F41ED1831E0071325E /* color3_color3_bn_mean in Resources */ = {isa = PBXBuildFile; fileRef = 171B64AC1ED1831E0071325E /* color3_color3_bn_mean */; };
		171B64F51ED1831E0071325E /* color3_color3_bn_variance in Resources */ = {isa = PBXBuildFile; fileRef = 171B64AD1ED1831E0071325E /* color3_color3_bn_variance */; };
		171B64F61ED1831E0071325E /* color3_filter in Resources */ = {isa = PBXBuildFile; fileRef = 171B64AE1ED1831E0071325E /* color3_filter */; };
		171B64F71ED1831E0071325E /* color4_biases in Resources */ = {isa = PBXBuildFile; fileRef = 171B64AF1ED1831E0071325E /* color4_biases */; };
		171B64F81ED1831E0071325E /* color4_color4_bn_beta in Resources */ = {isa = PBXBuildFile; fileRef = 171B64B01ED1831E0071325E /* color4_color4_bn_beta */; };
		171B64F91ED1831E0071325E /* color4_color4_bn_gamma in Resources */ = {isa = PBXBuildFile; fileRef = 171B64B11ED1831E0071325E /* color4_color4_bn_gamma */; };
		171B64FA1ED1831E0071325E /* color4_color4_bn_mean in Resources */ = {isa = PBXBuildFile; fileRef = 171B64B21ED1831E0071325E /* color4_color4_bn_mean */; };
		171B64FB1ED1831E0071325E /* color4_color4_bn_variance in Resources */ = {isa = PBXBuildFile; fileRef = 171B64B31ED1831E0071325E /* color4_color4_bn_variance */; };
		171B64FC1ED1831E0071325E /* color4_filter in Resources */ = {isa = PBXBuildFile; fileRef = 171B64B41ED1831E0071325E /* color4_filter */; };
		171B64FD1ED1831E0071325E /* pool1_bn_beta in Resources */ = {isa = PBXBuildFile; fileRef = 171B64B51ED1831E0071325E /* pool1_bn_beta */; };
		171B64FE1ED1831E0071325E /* pool1_bn_gamma in Resources */ = {isa = PBXBuildFile; fileRef = 171B64B61ED1831E0071325E /* pool1_bn_gamma */; };
		171B64FF1ED1831E0071325E /* pool1_bn_mean in Resources */ = {isa = PBXBuildFile; fileRef = 171B64B71ED1831E0071325E /* pool1_bn_mean */; };
		171B65001ED1831E0071325E /* pool1_bn_variance in Resources */ = {isa = PBXBuildFile; fileRef = 171B64B81ED1831E0071325E /* pool1_bn_variance */; };
		171B65011ED1831E0071325E /* pool2_bn_beta in Resources */ = {isa = PBXBuildFile; fileRef = 171B64B91ED1831E0071325E /* pool2_bn_beta */; };
		171B65021ED1831E0071325E /* pool2_bn_gamma in Resources */ = {isa = PBXBuildFile; fileRef = 171B64BA1ED1831E0071325E /* pool2_bn_gamma */; };
		171B65031ED1831E0071325E /* pool2_bn_mean in Resources */ = {isa = PBXBuildFile; fileRef = 171B64BB1ED1831E0071325E /* pool2_bn_mean */; };
		171B65041ED1831E0071325E /* pool2_bn_variance in Resources */ = {isa = PBXBuildFile; fileRef = 171B64BC1ED1831E0071325E /* pool2_bn_variance */; };
		171B65051ED1831E0071325E /* pool3_bn_beta in Resources */ = {isa = PBXBuildFile; fileRef = 171B64BD1ED1831E0071325E /* pool3_bn_beta */; };
		171B65061ED1831E0071325E /* pool3_bn_gamma in Resources */ = {isa = PBXBuildFile; fileRef = 171B64BE1ED1831E0071325E /* pool3_bn_gamma */; };
		171B65071ED1831E0071325E /* pool3_bn_mean in Resources */ = {isa = PBXBuildFile; fileRef = 171B64BF1ED1831E0071325E /* pool3_bn_mean */; };
		171B65081ED1831E0071325E /* pool3_bn_variance in Resources */ = {isa = PBXBuildFile; fileRef = 171B64C01ED1831E0071325E /* pool3_bn_variance */; };
		171B65091ED1831E0071325E /* pool4_bn_beta in Resources */ = {isa = PBXBuildFile; fileRef = 171B64C11ED1831E0071325E /* pool4_bn_beta */; };
		171B650A1ED1831E0071325E /* pool4_bn_gamma in Resources */ = {isa = PBXBuildFile; fileRef = 171B64C21ED1831E0071325E /* pool4_bn_gamma */; };
		171B650B1ED1831E0071325E /* pool4_bn_mean in Resources */ = {isa = PBXBuildFile; fileRef = 171B64C31ED1831E0071325E /* pool4_bn_mean */; };
		171B650C1ED1831E0071325E /* pool4_bn_variance in Resources */ = {isa = PBXBuildFile; fileRef = 171B64C41ED1831E0071325E /* pool4_bn_variance */; };
		171B650D1ED1831E0071325E /* uv_biases in Resources */ = {isa = PBXBuildFile; fileRef = 171B64C51ED1831E0071325E /* uv_biases */; };
		171B650E1ED1831E0071325E /* uv_filter in Resources */ = {isa = PBXBuildFile; fileRef = 171B64C61ED1831E0071325E /* uv_filter */; };
		171B650F1ED1831E0071325E /* uv_uv_bn_beta in Resources */ = {isa = PBXBuildFile; fileRef = 171B64C71ED1831E0071325E /* uv_uv_bn_beta */; };
		171B65101ED1831E0071325E /* uv_uv_bn_gamma in Resources */ = {isa = PBXBuildFile; fileRef = 171B64C81ED1831E0071325E /* uv_uv_bn_gamma */; };
		171B65111ED1831E0071325E /* uv_uv_bn_mean in Resources */ = {isa = PBXBuildFile; fileRef = 171B64C91ED1831E0071325E /* uv_uv_bn_mean */; };
		171B65121ED1831E0071325E /* uv_uv_bn_variance in Resources */ = {isa = PBXBuildFile; fileRef = 171B64CA1ED1831E0071325E /* uv_uv_bn_variance */; };
		171B65131ED1831E0071325E /* vgg16_conv1_1_biases in Resources */ = {isa = PBXBuildFile; fileRef = 171B64CB1ED1831E0071325E /* vgg16_conv1_1_biases */; };
		171B65141ED1831E0071325E /* vgg16_conv1_1_filter in Resources */ = {isa = PBXBuildFile; fileRef = 171B64CC1ED1831E0071325E /* vgg16_conv1_1_filter */; };
		171B65151ED1831E0071325E /* vgg16_conv1_2_biases in Resources */ = {isa = PBXBuildFile; fileRef = 171B64CD1ED1831E0071325E /* vgg16_conv1_2_biases */; };
		171B65161ED1831E0071325E /* vgg16_conv1_2_filter in Resources */ = {isa = PBXBuildFile; fileRef = 171B64CE1ED1831E0071325E /* vgg16_conv1_2_filter */; };
		171B65171ED1831E0071325E /* vgg16_conv2_1_biases in Resources */ = {isa = PBXBuildFile; fileRef = 171B64CF1ED1831E0071325E /* vgg16_conv2_1_biases */; };
		171B65181ED1831E0071325E /* vgg16_conv2_1_filter in Resources */ = {isa = PBXBuildFile; fileRef = 171B64D01ED1831E0071325E /* vgg16_conv2_1_filter */; };
		171B65191ED1831E0071325E /* vgg16_conv2_2_biases in Resources */ = {isa = PBXBuildFile; fileRef = 171B64D11ED1831E0071325E /* vgg16_conv2_2_biases */; };
		171B651A1ED1831E0071325E /* vgg16_conv2_2_filter in Resources */ = {isa = PBXBuildFile; fileRef = 171B64D21ED1831E0071325E /* vgg16_conv2_2_filter */; };
		171B651B1ED1831E0071325E /* vgg16_conv3_1_biases in Resources */ = {isa = PBXBuildFile; fileRef = 171B64D31ED1831E0071325E /* vgg16_conv3_1_biases */; };
		171B651C1ED1831E0071325E /* vgg16_conv3_1_filter in Resources */ = {isa = PBXBuildFile; fileRef = 171B64D41ED1831E0071325E /* vgg16_conv3_1_filter */; };
		171B651D1ED1831E0071325E /* vgg16_conv3_2_biases in Resources */ = {isa = PBXBuildFile; fileRef = 171B64D51ED1831E0071325E /* vgg16_conv3_2_biases */; };
		171B651E1ED1831E0071325E /* vgg16_conv3_2_filter in Resources */ = {isa = PBXBuildFile; fileRef = 171B64D61ED1831E0071325E /* vgg16_conv3_2_filter */; };
		171B651F1ED1831E0071325E /* vgg16_conv3_3_biases in Resources */ = {isa = PBXBuildFile; fileRef = 171B64D71ED1831E0071325E /* vgg16_conv3_3_biases */; };
		171B65201ED1831E0071325E /* vgg16_conv3_3_filter in Resources */ = {isa = PBXBuildFile; fileRef = 171B64D81ED1831E0071325E /* vgg16_conv3_3_filter */; };
		171B65211ED1831E0071325E /* vgg16_conv4_1_biases in Resources */ = {isa = PBXBuildFile; fileRef = 171B64D91ED1831E0071325E /* vgg16_conv4_1_biases */; };
		171B65221ED1831E0071325E /* vgg16_conv4_1_filter in Resources */ = {isa = PBXBuildFile; fileRef = 171B64DA1ED1831E0071325E /* vgg16_conv4_1_filter */; };
		171B65231ED1831E0071325E /* vgg16_conv4_2_biases in Resources */ = {isa = PBXBuildFile; fileRef = 171B64DB1ED1831E0071325E /* vgg16_conv4_2_biases */; };
		171B65241ED1831E0071325E /* vgg16_conv4_2_filter in Resources */ = {isa = PBXBuildFile; fileRef = 171B64DC1ED1831E0071325E /* vgg16_conv4_2_filter */; };
		171B65251ED1831E0071325E /* vgg16_conv4_3_biases in Resources */ = {isa = PBXBuildFile; fileRef = 171B64DD1ED1831E0071325E /* vgg16_conv4_3_biases */; };
		171B65261ED1831E0071325E /* vgg16_conv4_3_filter in Resources */ = {isa = PBXBuildFile; fileRef = 171B64DE1ED1831E0071325E /* vgg16_conv4_3_filter */; };
		17F2BCC91ED5368A002B5785 /* Helper.swift in Sources */ = {isa = PBXBuildFile; fileRef = 17F2BCC81ED5368A002B5785 /* Helper.swift */; };
/* End PBXBuildFile section */

/* Begin PBXFileReference section */
		171B64701ECEF1D80071325E /* MetalColor.app */ = {isa = PBXFileReference; explicitFileType = wrapper.application; includeInIndex = 0; path = MetalColor.app; sourceTree = BUILT_PRODUCTS_DIR; };
		171B64731ECEF1D80071325E /* AppDelegate.swift */ = {isa = PBXFileReference; lastKnownFileType = sourcecode.swift; path = AppDelegate.swift; sourceTree = "<group>"; };
		171B64751ECEF1D80071325E /* ViewController.swift */ = {isa = PBXFileReference; lastKnownFileType = sourcecode.swift; path = ViewController.swift; sourceTree = "<group>"; };
		171B64781ECEF1D80071325E /* Base */ = {isa = PBXFileReference; lastKnownFileType = file.storyboard; name = Base; path = Base.lproj/Main.storyboard; sourceTree = "<group>"; };
		171B647A1ECEF1D80071325E /* Assets.xcassets */ = {isa = PBXFileReference; lastKnownFileType = folder.assetcatalog; path = Assets.xcassets; sourceTree = "<group>"; };
		171B647D1ECEF1D80071325E /* Base */ = {isa = PBXFileReference; lastKnownFileType = file.storyboard; name = Base; path = Base.lproj/LaunchScreen.storyboard; sourceTree = "<group>"; };
		171B647F1ECEF1D80071325E /* Info.plist */ = {isa = PBXFileReference; lastKnownFileType = text.plist.xml; path = Info.plist; sourceTree = "<group>"; };
		171B64881ECF422D0071325E /* ColorNet.swift */ = {isa = PBXFileReference; fileEncoding = 4; lastKnownFileType = sourcecode.swift; path = ColorNet.swift; sourceTree = "<group>"; };
		171B648C1ECF69920071325E /* UpscaleAdd.swift */ = {isa = PBXFileReference; fileEncoding = 4; lastKnownFileType = sourcecode.swift; path = UpscaleAdd.swift; sourceTree = "<group>"; };
		171B648E1ECFEB030071325E /* Convolution.swift */ = {isa = PBXFileReference; fileEncoding = 4; lastKnownFileType = sourcecode.swift; path = Convolution.swift; sourceTree = "<group>"; };
		171B64901ECFEBBE0071325E /* BatchNorm.swift */ = {isa = PBXFileReference; fileEncoding = 4; lastKnownFileType = sourcecode.swift; path = BatchNorm.swift; sourceTree = "<group>"; };
		171B64921ECFF01B0071325E /* Shaders.metal */ = {isa = PBXFileReference; fileEncoding = 4; lastKnownFileType = sourcecode.metal; path = Shaders.metal; sourceTree = "<group>"; };
		171B64941ECFF2EB0071325E /* IO.swift */ = {isa = PBXFileReference; fileEncoding = 4; lastKnownFileType = sourcecode.swift; path = IO.swift; sourceTree = "<group>"; };
		171B64971ED1831E0071325E /* color0_biases */ = {isa = PBXFileReference; fileEncoding = 4; lastKnownFileType = text; path = color0_biases; sourceTree = "<group>"; };
		171B64981ED1831E0071325E /* color0_color0_bn_beta */ = {isa = PBXFileReference; fileEncoding = 4; lastKnownFileType = text; path = color0_color0_bn_beta; sourceTree = "<group>"; };
		171B64991ED1831E0071325E /* color0_color0_bn_gamma */ = {isa = PBXFileReference; fileEncoding = 4; lastKnownFileType = text; path = color0_color0_bn_gamma; sourceTree = "<group>"; };
		171B649A1ED1831E0071325E /* color0_color0_bn_mean */ = {isa = PBXFileReference; lastKnownFileType = file; path = color0_color0_bn_mean; sourceTree = "<group>"; };
		171B649B1ED1831E0071325E /* color0_color0_bn_variance */ = {isa = PBXFileReference; fileEncoding = 4; lastKnownFileType = text; path = color0_color0_bn_variance; sourceTree = "<group>"; };
		171B649C1ED1831E0071325E /* color0_filter */ = {isa = PBXFileReference; fileEncoding = 4; lastKnownFileType = text; path = color0_filter; sourceTree = "<group>"; };
		171B649D1ED1831E0071325E /* color1_biases */ = {isa = PBXFileReference; fileEncoding = 4; lastKnownFileType = text; path = color1_biases; sourceTree = "<group>"; };
		171B649E1ED1831E0071325E /* color1_color1_bn_beta */ = {isa = PBXFileReference; fileEncoding = 4; lastKnownFileType = text; path = color1_color1_bn_beta; sourceTree = "<group>"; };
		171B649F1ED1831E0071325E /* color1_color1_bn_gamma */ = {isa = PBXFileReference; fileEncoding = 4; lastKnownFileType = text; path = color1_color1_bn_gamma; sourceTree = "<group>"; };
		171B64A01ED1831E0071325E /* color1_color1_bn_mean */ = {isa = PBXFileReference; lastKnownFileType = file; path = color1_color1_bn_mean; sourceTree = "<group>"; };
		171B64A11ED1831E0071325E /* color1_color1_bn_variance */ = {isa = PBXFileReference; fileEncoding = 4; lastKnownFileType = text; path = color1_color1_bn_variance; sourceTree = "<group>"; };
		171B64A21ED1831E0071325E /* color1_filter */ = {isa = PBXFileReference; lastKnownFileType = file; path = color1_filter; sourceTree = "<group>"; };
		171B64A31ED1831E0071325E /* color2_biases */ = {isa = PBXFileReference; fileEncoding = 4; lastKnownFileType = text; path = color2_biases; sourceTree = "<group>"; };
		171B64A41ED1831E0071325E /* color2_color2_bn_beta */ = {isa = PBXFileReference; lastKnownFileType = file; path = color2_color2_bn_beta; sourceTree = "<group>"; };
		171B64A51ED1831E0071325E /* color2_color2_bn_gamma */ = {isa = PBXFileReference; fileEncoding = 4; lastKnownFileType = text; path = color2_color2_bn_gamma; sourceTree = "<group>"; };
		171B64A61ED1831E0071325E /* color2_color2_bn_mean */ = {isa = PBXFileReference; fileEncoding = 4; lastKnownFileType = text; path = color2_color2_bn_mean; sourceTree = "<group>"; };
		171B64A71ED1831E0071325E /* color2_color2_bn_variance */ = {isa = PBXFileReference; lastKnownFileType = file; path = color2_color2_bn_variance; sourceTree = "<group>"; };
		171B64A81ED1831E0071325E /* color2_filter */ = {isa = PBXFileReference; lastKnownFileType = file; path = color2_filter; sourceTree = "<group>"; };
		171B64A91ED1831E0071325E /* color3_biases */ = {isa = PBXFileReference; lastKnownFileType = file; path = color3_biases; sourceTree = "<group>"; };
		171B64AA1ED1831E0071325E /* color3_color3_bn_beta */ = {isa = PBXFileReference; lastKnownFileType = file; path = color3_color3_bn_beta; sourceTree = "<group>"; };
		171B64AB1ED1831E0071325E /* color3_color3_bn_gamma */ = {isa = PBXFileReference; lastKnownFileType = file; path = color3_color3_bn_gamma; sourceTree = "<group>"; };
		171B64AC1ED1831E0071325E /* color3_color3_bn_mean */ = {isa = PBXFileReference; fileEncoding = 4; lastKnownFileType = text; path = color3_color3_bn_mean; sourceTree = "<group>"; };
		171B64AD1ED1831E0071325E /* color3_color3_bn_variance */ = {isa = PBXFileReference; lastKnownFileType = file; path = color3_color3_bn_variance; sourceTree = "<group>"; };
		171B64AE1ED1831E0071325E /* color3_filter */ = {isa = PBXFileReference; lastKnownFileType = file; path = color3_filter; sourceTree = "<group>"; };
		171B64AF1ED1831E0071325E /* color4_biases */ = {isa = PBXFileReference; lastKnownFileType = file; path = color4_biases; sourceTree = "<group>"; };
		171B64B01ED1831E0071325E /* color4_color4_bn_beta */ = {isa = PBXFileReference; lastKnownFileType = file; path = color4_color4_bn_beta; sourceTree = "<group>"; };
		171B64B11ED1831E0071325E /* color4_color4_bn_gamma */ = {isa = PBXFileReference; fileEncoding = 4; lastKnownFileType = text; path = color4_color4_bn_gamma; sourceTree = "<group>"; };
		171B64B21ED1831E0071325E /* color4_color4_bn_mean */ = {isa = PBXFileReference; lastKnownFileType = file; path = color4_color4_bn_mean; sourceTree = "<group>"; };
		171B64B31ED1831E0071325E /* color4_color4_bn_variance */ = {isa = PBXFileReference; lastKnownFileType = file; path = color4_color4_bn_variance; sourceTree = "<group>"; };
		171B64B41ED1831E0071325E /* color4_filter */ = {isa = PBXFileReference; lastKnownFileType = file; path = color4_filter; sourceTree = "<group>"; };
		171B64B51ED1831E0071325E /* pool1_bn_beta */ = {isa = PBXFileReference; lastKnownFileType = file; path = pool1_bn_beta; sourceTree = "<group>"; };
		171B64B61ED1831E0071325E /* pool1_bn_gamma */ = {isa = PBXFileReference; lastKnownFileType = file; path = pool1_bn_gamma; sourceTree = "<group>"; };
		171B64B71ED1831E0071325E /* pool1_bn_mean */ = {isa = PBXFileReference; fileEncoding = 4; lastKnownFileType = text; path = pool1_bn_mean; sourceTree = "<group>"; };
		171B64B81ED1831E0071325E /* pool1_bn_variance */ = {isa = PBXFileReference; lastKnownFileType = file; path = pool1_bn_variance; sourceTree = "<group>"; };
		171B64B91ED1831E0071325E /* pool2_bn_beta */ = {isa = PBXFileReference; lastKnownFileType = file; path = pool2_bn_beta; sourceTree = "<group>"; };
		171B64BA1ED1831E0071325E /* pool2_bn_gamma */ = {isa = PBXFileReference; fileEncoding = 4; lastKnownFileType = text; path = pool2_bn_gamma; sourceTree = "<group>"; };
		171B64BB1ED1831E0071325E /* pool2_bn_mean */ = {isa = PBXFileReference; lastKnownFileType = file; path = pool2_bn_mean; sourceTree = "<group>"; };
		171B64BC1ED1831E0071325E /* pool2_bn_variance */ = {isa = PBXFileReference; lastKnownFileType = file; path = pool2_bn_variance; sourceTree = "<group>"; };
		171B64BD1ED1831E0071325E /* pool3_bn_beta */ = {isa = PBXFileReference; lastKnownFileType = file; path = pool3_bn_beta; sourceTree = "<group>"; };
		171B64BE1ED1831E0071325E /* pool3_bn_gamma */ = {isa = PBXFileReference; lastKnownFileType = file; path = pool3_bn_gamma; sourceTree = "<group>"; };
		171B64BF1ED1831E0071325E /* pool3_bn_mean */ = {isa = PBXFileReference; lastKnownFileType = file; path = pool3_bn_mean; sourceTree = "<group>"; };
		171B64C01ED1831E0071325E /* pool3_bn_variance */ = {isa = PBXFileReference; lastKnownFileType = file; path = pool3_bn_variance; sourceTree = "<group>"; };
		171B64C11ED1831E0071325E /* pool4_bn_beta */ = {isa = PBXFileReference; lastKnownFileType = file; path = pool4_bn_beta; sourceTree = "<group>"; };
		171B64C21ED1831E0071325E /* pool4_bn_gamma */ = {isa = PBXFileReference; fileEncoding = 4; lastKnownFileType = text; path = pool4_bn_gamma; sourceTree = "<group>"; };
		171B64C31ED1831E0071325E /* pool4_bn_mean */ = {isa = PBXFileReference; lastKnownFileType = file; path = pool4_bn_mean; sourceTree = "<group>"; };
		171B64C41ED1831E0071325E /* pool4_bn_variance */ = {isa = PBXFileReference; fileEncoding = 4; lastKnownFileType = text; path = pool4_bn_variance; sourceTree = "<group>"; };
		171B64C51ED1831E0071325E /* uv_biases */ = {isa = PBXFileReference; lastKnownFileType = file; path = uv_biases; sourceTree = "<group>"; };
		171B64C61ED1831E0071325E /* uv_filter */ = {isa = PBXFileReference; lastKnownFileType = file; path = uv_filter; sourceTree = "<group>"; };
		171B64C71ED1831E0071325E /* uv_uv_bn_beta */ = {isa = PBXFileReference; lastKnownFileType = file; path = uv_uv_bn_beta; sourceTree = "<group>"; };
		171B64C81ED1831E0071325E /* uv_uv_bn_gamma */ = {isa = PBXFileReference; fileEncoding = 4; lastKnownFileType = text; path = uv_uv_bn_gamma; sourceTree = "<group>"; };
		171B64C91ED1831E0071325E /* uv_uv_bn_mean */ = {isa = PBXFileReference; lastKnownFileType = file; path = uv_uv_bn_mean; sourceTree = "<group>"; };
		171B64CA1ED1831E0071325E /* uv_uv_bn_variance */ = {isa = PBXFileReference; lastKnownFileType = file; path = uv_uv_bn_variance; sourceTree = "<group>"; };
		171B64CB1ED1831E0071325E /* vgg16_conv1_1_biases */ = {isa = PBXFileReference; fileEncoding = 4; lastKnownFileType = text; path = vgg16_conv1_1_biases; sourceTree = "<group>"; };
		171B64CC1ED1831E0071325E /* vgg16_conv1_1_filter */ = {isa = PBXFileReference; lastKnownFileType = file; path = vgg16_conv1_1_filter; sourceTree = "<group>"; };
		171B64CD1ED1831E0071325E /* vgg16_conv1_2_biases */ = {isa = PBXFileReference; lastKnownFileType = file; path = vgg16_conv1_2_biases; sourceTree = "<group>"; };
		171B64CE1ED1831E0071325E /* vgg16_conv1_2_filter */ = {isa = PBXFileReference; lastKnownFileType = file; path = vgg16_conv1_2_filter; sourceTree = "<group>"; };
		171B64CF1ED1831E0071325E /* vgg16_conv2_1_biases */ = {isa = PBXFileReference; lastKnownFileType = file; path = vgg16_conv2_1_biases; sourceTree = "<group>"; };
		171B64D01ED1831E0071325E /* vgg16_conv2_1_filter */ = {isa = PBXFileReference; lastKnownFileType = file; path = vgg16_conv2_1_filter; sourceTree = "<group>"; };
		171B64D11ED1831E0071325E /* vgg16_conv2_2_biases */ = {isa = PBXFileReference; lastKnownFileType = file; path = vgg16_conv2_2_biases; sourceTree = "<group>"; };
		171B64D21ED1831E0071325E /* vgg16_conv2_2_filter */ = {isa = PBXFileReference; lastKnownFileType = file; path = vgg16_conv2_2_filter; sourceTree = "<group>"; };
		171B64D31ED1831E0071325E /* vgg16_conv3_1_biases */ = {isa = PBXFileReference; lastKnownFileType = file; path = vgg16_conv3_1_biases; sourceTree = "<group>"; };
		171B64D41ED1831E0071325E /* vgg16_conv3_1_filter */ = {isa = PBXFileReference; lastKnownFileType = file; path = vgg16_conv3_1_filter; sourceTree = "<group>"; };
		171B64D51ED1831E0071325E /* vgg16_conv3_2_biases */ = {isa = PBXFileReference; lastKnownFileType = file; path = vgg16_conv3_2_biases; sourceTree = "<group>"; };
		171B64D61ED1831E0071325E /* vgg16_conv3_2_filter */ = {isa = PBXFileReference; lastKnownFileType = file; path = vgg16_conv3_2_filter; sourceTree = "<group>"; };
		171B64D71ED1831E0071325E /* vgg16_conv3_3_biases */ = {isa = PBXFileReference; lastKnownFileType = file; path = vgg16_conv3_3_biases; sourceTree = "<group>"; };
		171B64D81ED1831E0071325E /* vgg16_conv3_3_filter */ = {isa = PBXFileReference; lastKnownFileType = file; path = vgg16_conv3_3_filter; sourceTree = "<group>"; };
		171B64D91ED1831E0071325E /* vgg16_conv4_1_biases */ = {isa = PBXFileReference; lastKnownFileType = file; path = vgg16_conv4_1_biases; sourceTree = "<group>"; };
		171B64DA1ED1831E0071325E /* vgg16_conv4_1_filter */ = {isa = PBXFileReference; lastKnownFileType = file; path = vgg16_conv4_1_filter; sourceTree = "<group>"; };
		171B64DB1ED1831E0071325E /* vgg16_conv4_2_biases */ = {isa = PBXFileReference; lastKnownFileType = file; path = vgg16_conv4_2_biases; sourceTree = "<group>"; };
		171B64DC1ED1831E0071325E /* vgg16_conv4_2_filter */ = {isa = PBXFileReference; lastKnownFileType = file; path = vgg16_conv4_2_filter; sourceTree = "<group>"; };
		171B64DD1ED1831E0071325E /* vgg16_conv4_3_biases */ = {isa = PBXFileReference; lastKnownFileType = file; path = vgg16_conv4_3_biases; sourceTree = "<group>"; };
		171B64DE1ED1831E0071325E /* vgg16_conv4_3_filter */ = {isa = PBXFileReference; lastKnownFileType = file; path = vgg16_conv4_3_filter; sourceTree = "<group>"; };
		17F2BCC81ED5368A002B5785 /* Helper.swift */ = {isa = PBXFileReference; fileEncoding = 4; lastKnownFileType = sourcecode.swift; path = Helper.swift; sourceTree = "<group>"; };
/* End PBXFileReference section */

/* Begin PBXFrameworksBuildPhase section */
		171B646D1ECEF1D80071325E /* Frameworks */ = {
			isa = PBXFrameworksBuildPhase;
			buildActionMask = 2147483647;
			files = (
			);
			runOnlyForDeploymentPostprocessing = 0;
		};
/* End PBXFrameworksBuildPhase section */

/* Begin PBXGroup section */
		171B64671ECEF1D80071325E = {
			isa = PBXGroup;
			children = (
				171B64721ECEF1D80071325E /* MetalColor */,
				171B64711ECEF1D80071325E /* Products */,
			);
			sourceTree = "<group>";
		};
		171B64711ECEF1D80071325E /* Products */ = {
			isa = PBXGroup;
			children = (
				171B64701ECEF1D80071325E /* MetalColor.app */,
			);
			name = Products;
			sourceTree = "<group>";
		};
		171B64721ECEF1D80071325E /* MetalColor */ = {
			isa = PBXGroup;
			children = (
				171B64961ED1831E0071325E /* weights */,
				171B64851ECEF21A0071325E /* MetalNN */,
				171B64731ECEF1D80071325E /* AppDelegate.swift */,
				171B64751ECEF1D80071325E /* ViewController.swift */,
				171B64771ECEF1D80071325E /* Main.storyboard */,
				171B647A1ECEF1D80071325E /* Assets.xcassets */,
				171B647C1ECEF1D80071325E /* LaunchScreen.storyboard */,
				171B647F1ECEF1D80071325E /* Info.plist */,
			);
			path = MetalColor;
			sourceTree = "<group>";
		};
		171B64851ECEF21A0071325E /* MetalNN */ = {
			isa = PBXGroup;
			children = (
				171B64901ECFEBBE0071325E /* BatchNorm.swift */,
				171B64881ECF422D0071325E /* ColorNet.swift */,
				171B648C1ECF69920071325E /* UpscaleAdd.swift */,
				171B648E1ECFEB030071325E /* Convolution.swift */,
				171B64921ECFF01B0071325E /* Shaders.metal */,
				171B64941ECFF2EB0071325E /* IO.swift */,
				17F2BCC81ED5368A002B5785 /* Helper.swift */,
			);
			path = MetalNN;
			sourceTree = "<group>";
		};
		171B64961ED1831E0071325E /* weights */ = {
			isa = PBXGroup;
			children = (
				171B64971ED1831E0071325E /* color0_biases */,
				171B64981ED1831E0071325E /* color0_color0_bn_beta */,
				171B64991ED1831E0071325E /* color0_color0_bn_gamma */,
				171B649A1ED1831E0071325E /* color0_color0_bn_mean */,
				171B649B1ED1831E0071325E /* color0_color0_bn_variance */,
				171B649C1ED1831E0071325E /* color0_filter */,
				171B649D1ED1831E0071325E /* color1_biases */,
				171B649E1ED1831E0071325E /* color1_color1_bn_beta */,
				171B649F1ED1831E0071325E /* color1_color1_bn_gamma */,
				171B64A01ED1831E0071325E /* color1_color1_bn_mean */,
				171B64A11ED1831E0071325E /* color1_color1_bn_variance */,
				171B64A21ED1831E0071325E /* color1_filter */,
				171B64A31ED1831E0071325E /* color2_biases */,
				171B64A41ED1831E0071325E /* color2_color2_bn_beta */,
				171B64A51ED1831E0071325E /* color2_color2_bn_gamma */,
				171B64A61ED1831E0071325E /* color2_color2_bn_mean */,
				171B64A71ED1831E0071325E /* color2_color2_bn_variance */,
				171B64A81ED1831E0071325E /* color2_filter */,
				171B64A91ED1831E0071325E /* color3_biases */,
				171B64AA1ED1831E0071325E /* color3_color3_bn_beta */,
				171B64AB1ED1831E0071325E /* color3_color3_bn_gamma */,
				171B64AC1ED1831E0071325E /* color3_color3_bn_mean */,
				171B64AD1ED1831E0071325E /* color3_color3_bn_variance */,
				171B64AE1ED1831E0071325E /* color3_filter */,
				171B64AF1ED1831E0071325E /* color4_biases */,
				171B64B01ED1831E0071325E /* color4_color4_bn_beta */,
				171B64B11ED1831E0071325E /* color4_color4_bn_gamma */,
				171B64B21ED1831E0071325E /* color4_color4_bn_mean */,
				171B64B31ED1831E0071325E /* color4_color4_bn_variance */,
				171B64B41ED1831E0071325E /* color4_filter */,
				171B64B51ED1831E0071325E /* pool1_bn_beta */,
				171B64B61ED1831E0071325E /* pool1_bn_gamma */,
				171B64B71ED1831E0071325E /* pool1_bn_mean */,
				171B64B81ED1831E0071325E /* pool1_bn_variance */,
				171B64B91ED1831E0071325E /* pool2_bn_beta */,
				171B64BA1ED1831E0071325E /* pool2_bn_gamma */,
				171B64BB1ED1831E0071325E /* pool2_bn_mean */,
				171B64BC1ED1831E0071325E /* pool2_bn_variance */,
				171B64BD1ED1831E0071325E /* pool3_bn_beta */,
				171B64BE1ED1831E0071325E /* pool3_bn_gamma */,
				171B64BF1ED1831E0071325E /* pool3_bn_mean */,
				171B64C01ED1831E0071325E /* pool3_bn_variance */,
				171B64C11ED1831E0071325E /* pool4_bn_beta */,
				171B64C21ED1831E0071325E /* pool4_bn_gamma */,
				171B64C31ED1831E0071325E /* pool4_bn_mean */,
				171B64C41ED1831E0071325E /* pool4_bn_variance */,
				171B64C51ED1831E0071325E /* uv_biases */,
				171B64C61ED1831E0071325E /* uv_filter */,
				171B64C71ED1831E0071325E /* uv_uv_bn_beta */,
				171B64C81ED1831E0071325E /* uv_uv_bn_gamma */,
				171B64C91ED1831E0071325E /* uv_uv_bn_mean */,
				171B64CA1ED1831E0071325E /* uv_uv_bn_variance */,
				171B64CB1ED1831E0071325E /* vgg16_conv1_1_biases */,
				171B64CC1ED1831E0071325E /* vgg16_conv1_1_filter */,
				171B64CD1ED1831E0071325E /* vgg16_conv1_2_biases */,
				171B64CE1ED1831E0071325E /* vgg16_conv1_2_filter */,
				171B64CF1ED1831E0071325E /* vgg16_conv2_1_biases */,
				171B64D01ED1831E0071325E /* vgg16_conv2_1_filter */,
				171B64D11ED1831E0071325E /* vgg16_conv2_2_biases */,
				171B64D21ED1831E0071325E /* vgg16_conv2_2_filter */,
				171B64D31ED1831E0071325E /* vgg16_conv3_1_biases */,
				171B64D41ED1831E0071325E /* vgg16_conv3_1_filter */,
				171B64D51ED1831E0071325E /* vgg16_conv3_2_biases */,
				171B64D61ED1831E0071325E /* vgg16_conv3_2_filter */,
				171B64D71ED1831E0071325E /* vgg16_conv3_3_biases */,
				171B64D81ED1831E0071325E /* vgg16_conv3_3_filter */,
				171B64D91ED1831E0071325E /* vgg16_conv4_1_biases */,
				171B64DA1ED1831E0071325E /* vgg16_conv4_1_filter */,
				171B64DB1ED1831E0071325E /* vgg16_conv4_2_biases */,
				171B64DC1ED1831E0071325E /* vgg16_conv4_2_filter */,
				171B64DD1ED1831E0071325E /* vgg16_conv4_3_biases */,
				171B64DE1ED1831E0071325E /* vgg16_conv4_3_filter */,
			);
			path = weights;
			sourceTree = "<group>";
		};
/* End PBXGroup section */

/* Begin PBXNativeTarget section */
		171B646F1ECEF1D80071325E /* MetalColor */ = {
			isa = PBXNativeTarget;
			buildConfigurationList = 171B64821ECEF1D80071325E /* Build configuration list for PBXNativeTarget "MetalColor" */;
			buildPhases = (
				171B646C1ECEF1D80071325E /* Sources */,
				171B646D1ECEF1D80071325E /* Frameworks */,
				171B646E1ECEF1D80071325E /* Resources */,
			);
			buildRules = (
			);
			dependencies = (
			);
			name = MetalColor;
			productName = MetalColor;
			productReference = 171B64701ECEF1D80071325E /* MetalColor.app */;
			productType = "com.apple.product-type.application";
		};
/* End PBXNativeTarget section */

/* Begin PBXProject section */
		171B64681ECEF1D80071325E /* Project object */ = {
			isa = PBXProject;
			attributes = {
				LastSwiftUpdateCheck = 0830;
				LastUpgradeCheck = 0830;
				ORGANIZATIONNAME = Ruoyu;
				TargetAttributes = {
					171B646F1ECEF1D80071325E = {
						CreatedOnToolsVersion = 8.3.2;
						DevelopmentTeam = RH547UXARG;
						ProvisioningStyle = Automatic;
					};
				};
			};
			buildConfigurationList = 171B646B1ECEF1D80071325E /* Build configuration list for PBXProject "MetalColor" */;
			compatibilityVersion = "Xcode 3.2";
			developmentRegion = English;
			hasScannedForEncodings = 0;
			knownRegions = (
				en,
				Base,
			);
			mainGroup = 171B64671ECEF1D80071325E;
			productRefGroup = 171B64711ECEF1D80071325E /* Products */;
			projectDirPath = "";
			projectRoot = "";
			targets = (
				171B646F1ECEF1D80071325E /* MetalColor */,
			);
		};
/* End PBXProject section */

/* Begin PBXResourcesBuildPhase section */
		171B646E1ECEF1D80071325E /* Resources */ = {
			isa = PBXResourcesBuildPhase;
			buildActionMask = 2147483647;
			files = (
				171B65241ED1831E0071325E /* vgg16_conv4_2_filter in Resources */,
				171B65031ED1831E0071325E /* pool2_bn_mean in Resources */,
				171B65071ED1831E0071325E /* pool3_bn_mean in Resources */,
				171B65181ED1831E0071325E /* vgg16_conv2_1_filter in Resources */,
				171B64F21ED1831E0071325E /* color3_color3_bn_beta in Resources */,
				171B64E11ED1831E0071325E /* color0_color0_bn_gamma in Resources */,
				171B650D1ED1831E0071325E /* uv_biases in Resources */,
				171B64F71ED1831E0071325E /* color4_biases in Resources */,
				171B65251ED1831E0071325E /* vgg16_conv4_3_biases in Resources */,
				171B64E51ED1831E0071325E /* color1_biases in Resources */,
				171B64E71ED1831E0071325E /* color1_color1_bn_gamma in Resources */,
				171B65261ED1831E0071325E /* vgg16_conv4_3_filter in Resources */,
				171B65141ED1831E0071325E /* vgg16_conv1_1_filter in Resources */,
				171B650E1ED1831E0071325E /* uv_filter in Resources */,
				171B65091ED1831E0071325E /* pool4_bn_beta in Resources */,
				171B64F61ED1831E0071325E /* color3_filter in Resources */,
				171B65041ED1831E0071325E /* pool2_bn_variance in Resources */,
				171B650B1ED1831E0071325E /* pool4_bn_mean in Resources */,
				171B64FA1ED1831E0071325E /* color4_color4_bn_mean in Resources */,
				171B64F11ED1831E0071325E /* color3_biases in Resources */,
				171B64E91ED1831E0071325E /* color1_color1_bn_variance in Resources */,
				171B650F1ED1831E0071325E /* uv_uv_bn_beta in Resources */,
				171B65111ED1831E0071325E /* uv_uv_bn_mean in Resources */,
				171B65211ED1831E0071325E /* vgg16_conv4_1_biases in Resources */,
				171B65221ED1831E0071325E /* vgg16_conv4_1_filter in Resources */,
				171B65011ED1831E0071325E /* pool2_bn_beta in Resources */,
				171B65231ED1831E0071325E /* vgg16_conv4_2_biases in Resources */,
				171B65131ED1831E0071325E /* vgg16_conv1_1_biases in Resources */,
				171B64EB1ED1831E0071325E /* color2_biases in Resources */,
				171B647E1ECEF1D80071325E /* LaunchScreen.storyboard in Resources */,
				171B64E41ED1831E0071325E /* color0_filter in Resources */,
				171B647B1ECEF1D80071325E /* Assets.xcassets in Resources */,
				171B65081ED1831E0071325E /* pool3_bn_variance in Resources */,
				171B64F31ED1831E0071325E /* color3_color3_bn_gamma in Resources */,
				171B64E01ED1831E0071325E /* color0_color0_bn_beta in Resources */,
				171B651A1ED1831E0071325E /* vgg16_conv2_2_filter in Resources */,
				171B65051ED1831E0071325E /* pool3_bn_beta in Resources */,
				171B64E61ED1831E0071325E /* color1_color1_bn_beta in Resources */,
				171B64DF1ED1831E0071325E /* color0_biases in Resources */,
				171B65121ED1831E0071325E /* uv_uv_bn_variance in Resources */,
				171B64EC1ED1831E0071325E /* color2_color2_bn_beta in Resources */,
				171B65021ED1831E0071325E /* pool2_bn_gamma in Resources */,
				171B651E1ED1831E0071325E /* vgg16_conv3_2_filter in Resources */,
				171B64FC1ED1831E0071325E /* color4_filter in Resources */,
				171B64EE1ED1831E0071325E /* color2_color2_bn_mean in Resources */,
				171B65191ED1831E0071325E /* vgg16_conv2_2_biases in Resources */,
				171B651C1ED1831E0071325E /* vgg16_conv3_1_filter in Resources */,
				171B64FD1ED1831E0071325E /* pool1_bn_beta in Resources */,
				171B64EF1ED1831E0071325E /* color2_color2_bn_variance in Resources */,
				171B651F1ED1831E0071325E /* vgg16_conv3_3_biases in Resources */,
				171B65101ED1831E0071325E /* uv_uv_bn_gamma in Resources */,
				171B64E31ED1831E0071325E /* color0_color0_bn_variance in Resources */,
				171B64FE1ED1831E0071325E /* pool1_bn_gamma in Resources */,
				171B650A1ED1831E0071325E /* pool4_bn_gamma in Resources */,
				171B651B1ED1831E0071325E /* vgg16_conv3_1_biases in Resources */,
				171B64FB1ED1831E0071325E /* color4_color4_bn_variance in Resources */,
				171B64F81ED1831E0071325E /* color4_color4_bn_beta in Resources */,
				171B65171ED1831E0071325E /* vgg16_conv2_1_biases in Resources */,
				171B64E21ED1831E0071325E /* color0_color0_bn_mean in Resources */,
				171B64FF1ED1831E0071325E /* pool1_bn_mean in Resources */,
				171B650C1ED1831E0071325E /* pool4_bn_variance in Resources */,
				171B64F01ED1831E0071325E /* color2_filter in Resources */,
				171B65151ED1831E0071325E /* vgg16_conv1_2_biases in Resources */,
				171B65201ED1831E0071325E /* vgg16_conv3_3_filter in Resources */,
				171B64ED1ED1831E0071325E /* color2_color2_bn_gamma in Resources */,
				171B64F51ED1831E0071325E /* color3_color3_bn_variance in Resources */,
				171B64E81ED1831E0071325E /* color1_color1_bn_mean in Resources */,
				171B65161ED1831E0071325E /* vgg16_conv1_2_filter in Resources */,
				171B64F41ED1831E0071325E /* color3_color3_bn_mean in Resources */,
				171B651D1ED1831E0071325E /* vgg16_conv3_2_biases in Resources */,
				171B65001ED1831E0071325E /* pool1_bn_variance in Resources */,
				171B64791ECEF1D80071325E /* Main.storyboard in Resources */,
				171B64F91ED1831E0071325E /* color4_color4_bn_gamma in Resources */,
				171B64EA1ED1831E0071325E /* color1_filter in Resources */,
				171B65061ED1831E0071325E /* pool3_bn_gamma in Resources */,
			);
			runOnlyForDeploymentPostprocessing = 0;
		};
/* End PBXResourcesBuildPhase section */

/* Begin PBXSourcesBuildPhase section */
		171B646C1ECEF1D80071325E /* Sources */ = {
			isa = PBXSourcesBuildPhase;
			buildActionMask = 2147483647;
			files = (
				171B64931ECFF01B0071325E /* Shaders.metal in Sources */,
				171B64951ECFF2EB0071325E /* IO.swift in Sources */,
				171B648D1ECF69920071325E /* UpscaleAdd.swift in Sources */,
				171B64761ECEF1D80071325E /* ViewController.swift in Sources */,
				171B64911ECFEBBE0071325E /* BatchNorm.swift in Sources */,
				171B648F1ECFEB030071325E /* Convolution.swift in Sources */,
				17F2BCC91ED5368A002B5785 /* Helper.swift in Sources */,
				171B64741ECEF1D80071325E /* AppDelegate.swift in Sources */,
				171B64891ECF422D0071325E /* ColorNet.swift in Sources */,
			);
			runOnlyForDeploymentPostprocessing = 0;
		};
/* End PBXSourcesBuildPhase section */

/* Begin PBXVariantGroup section */
		171B64771ECEF1D80071325E /* Main.storyboard */ = {
			isa = PBXVariantGroup;
			children = (
				171B64781ECEF1D80071325E /* Base */,
			);
			name = Main.storyboard;
			sourceTree = "<group>";
		};
		171B647C1ECEF1D80071325E /* LaunchScreen.storyboard */ = {
			isa = PBXVariantGroup;
			children = (
				171B647D1ECEF1D80071325E /* Base */,
			);
			name = LaunchScreen.storyboard;
			sourceTree = "<group>";
		};
/* End PBXVariantGroup section */

/* Begin XCBuildConfiguration section */
		171B64801ECEF1D80071325E /* Debug */ = {
			isa = XCBuildConfiguration;
			buildSettings = {
				ALWAYS_SEARCH_USER_PATHS = NO;
				CLANG_ANALYZER_NONNULL = YES;
				CLANG_ANALYZER_NUMBER_OBJECT_CONVERSION = YES_AGGRESSIVE;
				CLANG_CXX_LANGUAGE_STANDARD = "gnu++0x";
				CLANG_CXX_LIBRARY = "libc++";
				CLANG_ENABLE_MODULES = YES;
				CLANG_ENABLE_OBJC_ARC = YES;
				CLANG_WARN_BOOL_CONVERSION = YES;
				CLANG_WARN_CONSTANT_CONVERSION = YES;
				CLANG_WARN_DIRECT_OBJC_ISA_USAGE = YES_ERROR;
				CLANG_WARN_DOCUMENTATION_COMMENTS = YES;
				CLANG_WARN_EMPTY_BODY = YES;
				CLANG_WARN_ENUM_CONVERSION = YES;
				CLANG_WARN_INFINITE_RECURSION = YES;
				CLANG_WARN_INT_CONVERSION = YES;
				CLANG_WARN_OBJC_ROOT_CLASS = YES_ERROR;
				CLANG_WARN_SUSPICIOUS_MOVE = YES;
				CLANG_WARN_UNREACHABLE_CODE = YES;
				CLANG_WARN__DUPLICATE_METHOD_MATCH = YES;
				"CODE_SIGN_IDENTITY[sdk=iphoneos*]" = "iPhone Developer";
				COPY_PHASE_STRIP = NO;
				DEBUG_INFORMATION_FORMAT = dwarf;
				ENABLE_STRICT_OBJC_MSGSEND = YES;
				ENABLE_TESTABILITY = YES;
				GCC_C_LANGUAGE_STANDARD = gnu99;
				GCC_DYNAMIC_NO_PIC = NO;
				GCC_NO_COMMON_BLOCKS = YES;
				GCC_OPTIMIZATION_LEVEL = 0;
				GCC_PREPROCESSOR_DEFINITIONS = (
					"DEBUG=1",
					"$(inherited)",
				);
				GCC_WARN_64_TO_32_BIT_CONVERSION = YES;
				GCC_WARN_ABOUT_RETURN_TYPE = YES_ERROR;
				GCC_WARN_UNDECLARED_SELECTOR = YES;
				GCC_WARN_UNINITIALIZED_AUTOS = YES_AGGRESSIVE;
				GCC_WARN_UNUSED_FUNCTION = YES;
				GCC_WARN_UNUSED_VARIABLE = YES;
				IPHONEOS_DEPLOYMENT_TARGET = 10.3;
				MTL_ENABLE_DEBUG_INFO = YES;
				ONLY_ACTIVE_ARCH = YES;
				SDKROOT = iphoneos;
				SWIFT_ACTIVE_COMPILATION_CONDITIONS = DEBUG;
				SWIFT_OPTIMIZATION_LEVEL = "-Onone";
				TARGETED_DEVICE_FAMILY = "1,2";
			};
			name = Debug;
		};
		171B64811ECEF1D80071325E /* Release */ = {
			isa = XCBuildConfiguration;
			buildSettings = {
				ALWAYS_SEARCH_USER_PATHS = NO;
				CLANG_ANALYZER_NONNULL = YES;
				CLANG_ANALYZER_NUMBER_OBJECT_CONVERSION = YES_AGGRESSIVE;
				CLANG_CXX_LANGUAGE_STANDARD = "gnu++0x";
				CLANG_CXX_LIBRARY = "libc++";
				CLANG_ENABLE_MODULES = YES;
				CLANG_ENABLE_OBJC_ARC = YES;
				CLANG_WARN_BOOL_CONVERSION = YES;
				CLANG_WARN_CONSTANT_CONVERSION = YES;
				CLANG_WARN_DIRECT_OBJC_ISA_USAGE = YES_ERROR;
				CLANG_WARN_DOCUMENTATION_COMMENTS = YES;
				CLANG_WARN_EMPTY_BODY = YES;
				CLANG_WARN_ENUM_CONVERSION = YES;
				CLANG_WARN_INFINITE_RECURSION = YES;
				CLANG_WARN_INT_CONVERSION = YES;
				CLANG_WARN_OBJC_ROOT_CLASS = YES_ERROR;
				CLANG_WARN_SUSPICIOUS_MOVE = YES;
				CLANG_WARN_UNREACHABLE_CODE = YES;
				CLANG_WARN__DUPLICATE_METHOD_MATCH = YES;
				"CODE_SIGN_IDENTITY[sdk=iphoneos*]" = "iPhone Developer";
				COPY_PHASE_STRIP = NO;
				DEBUG_INFORMATION_FORMAT = "dwarf-with-dsym";
				ENABLE_NS_ASSERTIONS = NO;
				ENABLE_STRICT_OBJC_MSGSEND = YES;
				GCC_C_LANGUAGE_STANDARD = gnu99;
				GCC_NO_COMMON_BLOCKS = YES;
				GCC_WARN_64_TO_32_BIT_CONVERSION = YES;
				GCC_WARN_ABOUT_RETURN_TYPE = YES_ERROR;
				GCC_WARN_UNDECLARED_SELECTOR = YES;
				GCC_WARN_UNINITIALIZED_AUTOS = YES_AGGRESSIVE;
				GCC_WARN_UNUSED_FUNCTION = YES;
				GCC_WARN_UNUSED_VARIABLE = YES;
				IPHONEOS_DEPLOYMENT_TARGET = 10.3;
				MTL_ENABLE_DEBUG_INFO = NO;
				SDKROOT = iphoneos;
				SWIFT_OPTIMIZATION_LEVEL = "-Owholemodule";
				TARGETED_DEVICE_FAMILY = "1,2";
				VALIDATE_PRODUCT = YES;
			};
			name = Release;
		};
		171B64831ECEF1D80071325E /* Debug */ = {
			isa = XCBuildConfiguration;
			buildSettings = {
				ASSETCATALOG_COMPILER_APPICON_NAME = AppIcon;
				DEVELOPMENT_TEAM = RH547UXARG;
				INFOPLIST_FILE = MetalColor/Info.plist;
				LD_RUNPATH_SEARCH_PATHS = "$(inherited) @executable_path/Frameworks";
				MTL_FAST_MATH = YES;
				MTL_LANGUAGE_REVISION = Metal12;
				MTL_OPTIMIZATION_LEVEL = 3;
				PRODUCT_BUNDLE_IDENTIFIER = Ruoyu.MetalColor;
				PRODUCT_NAME = "$(TARGET_NAME)";
				SWIFT_VERSION = 3.0;
			};
			name = Debug;
		};
		171B64841ECEF1D80071325E /* Release */ = {
			isa = XCBuildConfiguration;
			buildSettings = {
				ASSETCATALOG_COMPILER_APPICON_NAME = AppIcon;
				DEVELOPMENT_TEAM = RH547UXARG;
				INFOPLIST_FILE = MetalColor/Info.plist;
				LD_RUNPATH_SEARCH_PATHS = "$(inherited) @executable_path/Frameworks";
				MTL_FAST_MATH = YES;
				MTL_LANGUAGE_REVISION = Metal12;
				MTL_OPTIMIZATION_LEVEL = 3;
				PRODUCT_BUNDLE_IDENTIFIER = Ruoyu.MetalColor;
				PRODUCT_NAME = "$(TARGET_NAME)";
				SWIFT_VERSION = 3.0;
			};
			name = Release;
		};
/* End XCBuildConfiguration section */

/* Begin XCConfigurationList section */
		171B646B1ECEF1D80071325E /* Build configuration list for PBXProject "MetalColor" */ = {
			isa = XCConfigurationList;
			buildConfigurations = (
				171B64801ECEF1D80071325E /* Debug */,
				171B64811ECEF1D80071325E /* Release */,
			);
			defaultConfigurationIsVisible = 0;
			defaultConfigurationName = Release;
		};
		171B64821ECEF1D80071325E /* Build configuration list for PBXNativeTarget "MetalColor" */ = {
			isa = XCConfigurationList;
			buildConfigurations = (
				171B64831ECEF1D80071325E /* Debug */,
				171B64841ECEF1D80071325E /* Release */,
			);
			defaultConfigurationIsVisible = 0;
			defaultConfigurationName = Release;
		};
/* End XCConfigurationList section */
	};
	rootObject = 171B64681ECEF1D80071325E /* Project object */;
}
